
Microsoft Visual Studio Solution File, Format Version 12.00
# Visual Studio 2012
Project("{8BC9CEB8-8B4A-11D0-8D11-00A0C91BC942}") = "List_of_Shapes", "List_of_Shapes.vcxproj", "{1FD5756B-3EA6-4CC7-A447-011E2A52069A}"
EndProject
Global
	GlobalSection(SolutionConfigurationPlatforms) = preSolution
		Debug|Win32 = Debug|Win32
		Release|Win32 = Release|Win32
	EndGlobalSection
	GlobalSection(ProjectConfigurationPlatforms) = postSolution
		{1FD5756B-3EA6-4CC7-A447-011E2A52069A}.Debug|Win32.ActiveCfg = Debug|Win32
		{1FD5756B-3EA6-4CC7-A447-011E2A52069A}.Debug|Win32.Build.0 = Debug|Win32
		{1FD5756B-3EA6-4CC7-A447-011E2A52069A}.Release|Win32.ActiveCfg = Release|Win32
		{1FD5756B-3EA6-4CC7-A447-011E2A52069A}.Release|Win32.Build.0 = Release|Win32
	EndGlobalSection
	GlobalSection(SolutionProperties) = preSolution
		HideSolutionNode = FALSE
	EndGlobalSection
EndGlobal
